
Microsoft Visual Studio Solution File, Format Version 12.00
# Visual Studio Version 16
VisualStudioVersion = 16.0.31410.357
MinimumVisualStudioVersion = 10.0.40219.1
Project("{FAE04EC0-301F-11D3-BF4B-00C04F79EFBC}") = "RetrievingData", "RetrievingData\RetrievingData.csproj", "{7397ABB7-2664-482A-ADEF-66F55B68D26D}"
EndProject
Global
	GlobalSection(SolutionConfigurationPlatforms) = preSolution
		Debug|Any CPU = Debug|Any CPU
		Release|Any CPU = Release|Any CPU
	EndGlobalSection
	GlobalSection(ProjectConfigurationPlatforms) = postSolution
		{7397ABB7-2664-482A-ADEF-66F55B68D26D}.Debug|Any CPU.ActiveCfg = Debug|Any CPU
		{7397ABB7-2664-482A-ADEF-66F55B68D26D}.Debug|Any CPU.Build.0 = Debug|Any CPU
		{7397ABB7-2664-482A-ADEF-66F55B68D26D}.Release|Any CPU.ActiveCfg = Release|Any CPU
		{7397ABB7-2664-482A-ADEF-66F55B68D26D}.Release|Any CPU.Build.0 = Release|Any CPU
	EndGlobalSection
	GlobalSection(SolutionProperties) = preSolution
		HideSolutionNode = FALSE
	EndGlobalSection
	GlobalSection(ExtensibilityGlobals) = postSolution
		SolutionGuid = {FC0DAA57-F5B8-4A63-98F2-56A2D8BD012C}
	EndGlobalSection
EndGlobal
